# THIS IS AN AUTOGENERATED FILE. DO NOT EDIT THIS FILE DIRECTLY.
# yarn lockfile v1


"@types/vuelidate@^0.7.8":
  version "0.7.8"
  resolved "https://registry.yarnpkg.com/@types/vuelidate/-/vuelidate-0.7.8.tgz#8a13e750daa3c7c969a5cf988a5fcf53dec81bd1"
  integrity sha512-8TPvK+HCthejp5aFEb4/So5NpTiqnqOL42UD1V28TDXilW1ii8BBaAxFvaQG7xk7JZxOA6qyLUIueYF15SYohg==
  dependencies:
    vue "^2.5.16"

typescript@^3.6.4:
  version "3.6.4"
  resolved "https://registry.yarnpkg.com/typescript/-/typescript-3.6.4.tgz#b18752bb3792bc1a0281335f7f6ebf1bbfc5b91d"
  integrity sha512-unoCll1+l+YK4i4F8f22TaNVPRHcD9PA3yCuZ8g5e0qGqlVlJ/8FSateOLLSagn+Yg5+ZwuPkL8LFUc0Jcvksg==

vue@^2.5.16, vue@^2.6.10:
  version "2.6.10"
  resolved "https://registry.yarnpkg.com/vue/-/vue-2.6.10.tgz#a72b1a42a4d82a721ea438d1b6bf55e66195c637"
  integrity sha512-ImThpeNU9HbdZL3utgMCq0oiMzAkt1mcgy3/E6zWC/G6AaQoeuFdsl9nDhTDU3X1R6FK7nsIUuRACVcjI+A2GQ==

vuelidate@^0.7.4:
  version "0.7.4"
  resolved "https://registry.yarnpkg.com/vuelidate/-/vuelidate-0.7.4.tgz#5a0e54be09ac0192f1aa3387d74b92e0945bf8aa"
  integrity sha512-QHZWYOL325Zo+2K7VBNEJTZ496Kd8Z31p85aQJFldKudUUGBmgw4zu4ghl4CyqPwjRCmqZ9lDdx4FSdMnu4fGg==

vuex@^3.1.1:
  version "3.1.1"
  resolved "https://registry.yarnpkg.com/vuex/-/vuex-3.1.1.tgz#0c264bfe30cdbccf96ab9db3177d211828a5910e"
  integrity sha512-ER5moSbLZuNSMBFnEBVGhQ1uCBNJslH9W/Dw2W7GZN23UQA69uapP5GTT9Vm8Trc0PzBSVt6LzF3hGjmv41xcg==
